
Microsoft Visual Studio Solution File, Format Version 12.00
# Visual Studio 15
VisualStudioVersion = 15.0.26124.0
MinimumVisualStudioVersion = 15.0.26124.0
Project("{2150E333-8FDC-42A3-9474-1A3956D46DE8}") = "src", "src", "{72EAA9E6-6A6C-42A7-AE53-4F0C08DE32CD}"
EndProject
Project("{F2A71F9B-5D33-465A-A702-920D77279786}") = "Common", "src\Common\Common.fsproj", "{054BEFA3-44F8-46DC-8762-C70BD65A425F}"
EndProject
Project("{F2A71F9B-5D33-465A-A702-920D77279786}") = "WakeUpComputer", "src\WakeUpComputer\WakeUpComputer.fsproj", "{BB76304D-6362-4EC5-B3CD-53989419AD3B}"
EndProject
Project("{F2A71F9B-5D33-465A-A702-920D77279786}") = "Untis", "src\Untis\Untis.fsproj", "{4F3F356D-9515-4C47-8CB7-B07F486F3377}"
EndProject
Project("{F2A71F9B-5D33-465A-A702-920D77279786}") = "AAD", "src\AAD\AAD.fsproj", "{9086C4AE-F5F3-44E5-BC1A-9FFA910271D3}"
EndProject
Project("{F2A71F9B-5D33-465A-A702-920D77279786}") = "Management.Server", "src\Management.Server\Management.Server.fsproj", "{FF6D22BE-94C1-4DEF-BAFA-0C0D2EC6F165}"
EndProject
Project("{F2A71F9B-5D33-465A-A702-920D77279786}") = "FinalTheses", "src\FinalTheses\FinalTheses.fsproj", "{936516AB-ACE6-458E-93BC-708D7F98E2F7}"
EndProject
Project("{F2A71F9B-5D33-465A-A702-920D77279786}") = "Teaching.Server", "src\Teaching.Server\Teaching.Server.fsproj", "{AE1690AE-C038-42D4-AEE3-5A27E9E3B57D}"
EndProject
Project("{F2A71F9B-5D33-465A-A702-920D77279786}") = "Common.Server", "src\Common.Server\Common.Server.fsproj", "{7A40F935-0A24-4F6B-9E7E-616565CCE563}"
EndProject
Project("{F2A71F9B-5D33-465A-A702-920D77279786}") = "PhotoLibrary", "src\PhotoLibrary\PhotoLibrary.fsproj", "{465C6883-D234-4920-B201-42E85944B8CE}"
EndProject
Project("{F2A71F9B-5D33-465A-A702-920D77279786}") = "FileStorage", "src\FileStorage\FileStorage.fsproj", "{9186C5A4-53D4-4171-A322-BC2CF12D2151}"
EndProject
Project("{2150E333-8FDC-42A3-9474-1A3956D46DE8}") = "Teaching.Client", "Teaching.Client", "{61496BCE-C89B-4BAF-9FB6-2A7AA17264B2}"
EndProject
Project("{F2A71F9B-5D33-465A-A702-920D77279786}") = "Teaching.Client", "src\Teaching.Client\src\Teaching.Client.fsproj", "{EFBC7519-2B09-4537-AD25-697B393CC075}"
EndProject
Project("{2150E333-8FDC-42A3-9474-1A3956D46DE8}") = "Management.Client", "Management.Client", "{8A1A3F7C-6BE2-4D9D-81FD-58EC84FB355C}"
EndProject
Project("{F2A71F9B-5D33-465A-A702-920D77279786}") = "Management.Client", "src\Management.Client\src\Management.Client.fsproj", "{CA39F48D-4BC4-4C68-88B1-D9E2A597B3F4}"
EndProject
Project("{F2A71F9B-5D33-465A-A702-920D77279786}") = "AD", "src\AD\AD.fsproj", "{3AB4DBBD-EA8E-48CC-8E0A-0083813F4FF2}"
EndProject
Project("{F2A71F9B-5D33-465A-A702-920D77279786}") = "Sokrates", "src\Sokrates\Sokrates.fsproj", "{25239FC8-4942-42FD-8625-4AA60FD34113}"
EndProject
Project("{F2A71F9B-5D33-465A-A702-920D77279786}") = "Management.Server.Test", "src\Management.Server.Test\Management.Server.Test.fsproj", "{1511D78A-62E0-4C56-89F4-A05D2F1299EA}"
EndProject
Project("{F2A71F9B-5D33-465A-A702-920D77279786}") = "AAD.Test", "src\AAD.Test\AAD.Test.fsproj", "{30C33AB9-8C9F-4577-97AE-03AEB9EE6F58}"
EndProject
Project("{2150E333-8FDC-42A3-9474-1A3956D46DE8}") = "utils", "utils", "{4261B5F1-7C4C-4D9E-9212-37B684B8915E}"
EndProject
Project("{F2A71F9B-5D33-465A-A702-920D77279786}") = "SISImport", "utils\SISImport\SISImport.fsproj", "{208B33C8-6DFA-4C39-956C-300F34FFF2E2}"
EndProject
Project("{F2A71F9B-5D33-465A-A702-920D77279786}") = "UpdatePhotos", "utils\UpdatePhotos\UpdatePhotos.fsproj", "{74CFEF8B-6963-4028-9FD2-6C912C2A8CE8}"
EndProject
Project("{F2A71F9B-5D33-465A-A702-920D77279786}") = "ClassList", "utils\ClassList\ClassList.fsproj", "{77F42546-7CCC-420F-9E0F-88BCAAD19DF5}"
EndProject
Project("{F2A71F9B-5D33-465A-A702-920D77279786}") = "AD.Test", "src\AD.Test\AD.Test.fsproj", "{2443813F-22B6-44F0-9740-1E12CFD9E241}"
EndProject
Project("{F2A71F9B-5D33-465A-A702-920D77279786}") = "CIM", "src\CIM\CIM.fsproj", "{D0A73C12-47FB-40DD-A22C-59017B1D453B}"
EndProject
Project("{F2A71F9B-5D33-465A-A702-920D77279786}") = "QueryComputerInfo.Service", "src\QueryComputerInfo.Service\QueryComputerInfo.Service.fsproj", "{E255C555-2C06-4388-8093-DBCD454EC5B4}"
EndProject
Project("{F2A71F9B-5D33-465A-A702-920D77279786}") = "DataStore", "src\DataStore\DataStore.fsproj", "{39D1FE42-97DC-4C2C-BB42-27C9EF2F9D59}"
EndProject
Project("{F2A71F9B-5D33-465A-A702-920D77279786}") = "Sokrates.Test", "src\Sokrates.Test\Sokrates.Test.fsproj", "{9F1FE177-EE51-4E4A-BB54-637324825585}"
EndProject
Project("{F2A71F9B-5D33-465A-A702-920D77279786}") = "GenerateNamePlates", "utils\GenerateNamePlates\GenerateNamePlates.fsproj", "{03B9900A-924D-4527-8CCF-3C064447531F}"
EndProject
Global
	GlobalSection(SolutionConfigurationPlatforms) = preSolution
		Debug|Any CPU = Debug|Any CPU
		Debug|x64 = Debug|x64
		Debug|x86 = Debug|x86
		Release|Any CPU = Release|Any CPU
		Release|x64 = Release|x64
		Release|x86 = Release|x86
	EndGlobalSection
	GlobalSection(SolutionProperties) = preSolution
		HideSolutionNode = FALSE
	EndGlobalSection
	GlobalSection(ProjectConfigurationPlatforms) = postSolution
		{054BEFA3-44F8-46DC-8762-C70BD65A425F}.Debug|Any CPU.ActiveCfg = Debug|Any CPU
		{054BEFA3-44F8-46DC-8762-C70BD65A425F}.Debug|Any CPU.Build.0 = Debug|Any CPU
		{054BEFA3-44F8-46DC-8762-C70BD65A425F}.Debug|x64.ActiveCfg = Debug|Any CPU
		{054BEFA3-44F8-46DC-8762-C70BD65A425F}.Debug|x64.Build.0 = Debug|Any CPU
		{054BEFA3-44F8-46DC-8762-C70BD65A425F}.Debug|x86.ActiveCfg = Debug|Any CPU
		{054BEFA3-44F8-46DC-8762-C70BD65A425F}.Debug|x86.Build.0 = Debug|Any CPU
		{054BEFA3-44F8-46DC-8762-C70BD65A425F}.Release|Any CPU.ActiveCfg = Release|Any CPU
		{054BEFA3-44F8-46DC-8762-C70BD65A425F}.Release|Any CPU.Build.0 = Release|Any CPU
		{054BEFA3-44F8-46DC-8762-C70BD65A425F}.Release|x64.ActiveCfg = Release|Any CPU
		{054BEFA3-44F8-46DC-8762-C70BD65A425F}.Release|x64.Build.0 = Release|Any CPU
		{054BEFA3-44F8-46DC-8762-C70BD65A425F}.Release|x86.ActiveCfg = Release|Any CPU
		{054BEFA3-44F8-46DC-8762-C70BD65A425F}.Release|x86.Build.0 = Release|Any CPU
		{BB76304D-6362-4EC5-B3CD-53989419AD3B}.Debug|Any CPU.ActiveCfg = Debug|Any CPU
		{BB76304D-6362-4EC5-B3CD-53989419AD3B}.Debug|Any CPU.Build.0 = Debug|Any CPU
		{BB76304D-6362-4EC5-B3CD-53989419AD3B}.Debug|x64.ActiveCfg = Debug|Any CPU
		{BB76304D-6362-4EC5-B3CD-53989419AD3B}.Debug|x64.Build.0 = Debug|Any CPU
		{BB76304D-6362-4EC5-B3CD-53989419AD3B}.Debug|x86.ActiveCfg = Debug|Any CPU
		{BB76304D-6362-4EC5-B3CD-53989419AD3B}.Debug|x86.Build.0 = Debug|Any CPU
		{BB76304D-6362-4EC5-B3CD-53989419AD3B}.Release|Any CPU.ActiveCfg = Release|Any CPU
		{BB76304D-6362-4EC5-B3CD-53989419AD3B}.Release|Any CPU.Build.0 = Release|Any CPU
		{BB76304D-6362-4EC5-B3CD-53989419AD3B}.Release|x64.ActiveCfg = Release|Any CPU
		{BB76304D-6362-4EC5-B3CD-53989419AD3B}.Release|x64.Build.0 = Release|Any CPU
		{BB76304D-6362-4EC5-B3CD-53989419AD3B}.Release|x86.ActiveCfg = Release|Any CPU
		{BB76304D-6362-4EC5-B3CD-53989419AD3B}.Release|x86.Build.0 = Release|Any CPU
		{4F3F356D-9515-4C47-8CB7-B07F486F3377}.Debug|Any CPU.ActiveCfg = Debug|Any CPU
		{4F3F356D-9515-4C47-8CB7-B07F486F3377}.Debug|Any CPU.Build.0 = Debug|Any CPU
		{4F3F356D-9515-4C47-8CB7-B07F486F3377}.Debug|x64.ActiveCfg = Debug|Any CPU
		{4F3F356D-9515-4C47-8CB7-B07F486F3377}.Debug|x64.Build.0 = Debug|Any CPU
		{4F3F356D-9515-4C47-8CB7-B07F486F3377}.Debug|x86.ActiveCfg = Debug|Any CPU
		{4F3F356D-9515-4C47-8CB7-B07F486F3377}.Debug|x86.Build.0 = Debug|Any CPU
		{4F3F356D-9515-4C47-8CB7-B07F486F3377}.Release|Any CPU.ActiveCfg = Release|Any CPU
		{4F3F356D-9515-4C47-8CB7-B07F486F3377}.Release|Any CPU.Build.0 = Release|Any CPU
		{4F3F356D-9515-4C47-8CB7-B07F486F3377}.Release|x64.ActiveCfg = Release|Any CPU
		{4F3F356D-9515-4C47-8CB7-B07F486F3377}.Release|x64.Build.0 = Release|Any CPU
		{4F3F356D-9515-4C47-8CB7-B07F486F3377}.Release|x86.ActiveCfg = Release|Any CPU
		{4F3F356D-9515-4C47-8CB7-B07F486F3377}.Release|x86.Build.0 = Release|Any CPU
		{9086C4AE-F5F3-44E5-BC1A-9FFA910271D3}.Debug|Any CPU.ActiveCfg = Debug|Any CPU
		{9086C4AE-F5F3-44E5-BC1A-9FFA910271D3}.Debug|Any CPU.Build.0 = Debug|Any CPU
		{9086C4AE-F5F3-44E5-BC1A-9FFA910271D3}.Debug|x64.ActiveCfg = Debug|Any CPU
		{9086C4AE-F5F3-44E5-BC1A-9FFA910271D3}.Debug|x64.Build.0 = Debug|Any CPU
		{9086C4AE-F5F3-44E5-BC1A-9FFA910271D3}.Debug|x86.ActiveCfg = Debug|Any CPU
		{9086C4AE-F5F3-44E5-BC1A-9FFA910271D3}.Debug|x86.Build.0 = Debug|Any CPU
		{9086C4AE-F5F3-44E5-BC1A-9FFA910271D3}.Release|Any CPU.ActiveCfg = Release|Any CPU
		{9086C4AE-F5F3-44E5-BC1A-9FFA910271D3}.Release|Any CPU.Build.0 = Release|Any CPU
		{9086C4AE-F5F3-44E5-BC1A-9FFA910271D3}.Release|x64.ActiveCfg = Release|Any CPU
		{9086C4AE-F5F3-44E5-BC1A-9FFA910271D3}.Release|x64.Build.0 = Release|Any CPU
		{9086C4AE-F5F3-44E5-BC1A-9FFA910271D3}.Release|x86.ActiveCfg = Release|Any CPU
		{9086C4AE-F5F3-44E5-BC1A-9FFA910271D3}.Release|x86.Build.0 = Release|Any CPU
		{FF6D22BE-94C1-4DEF-BAFA-0C0D2EC6F165}.Debug|Any CPU.ActiveCfg = Debug|Any CPU
		{FF6D22BE-94C1-4DEF-BAFA-0C0D2EC6F165}.Debug|Any CPU.Build.0 = Debug|Any CPU
		{FF6D22BE-94C1-4DEF-BAFA-0C0D2EC6F165}.Debug|x64.ActiveCfg = Debug|Any CPU
		{FF6D22BE-94C1-4DEF-BAFA-0C0D2EC6F165}.Debug|x64.Build.0 = Debug|Any CPU
		{FF6D22BE-94C1-4DEF-BAFA-0C0D2EC6F165}.Debug|x86.ActiveCfg = Debug|Any CPU
		{FF6D22BE-94C1-4DEF-BAFA-0C0D2EC6F165}.Debug|x86.Build.0 = Debug|Any CPU
		{FF6D22BE-94C1-4DEF-BAFA-0C0D2EC6F165}.Release|Any CPU.ActiveCfg = Release|Any CPU
		{FF6D22BE-94C1-4DEF-BAFA-0C0D2EC6F165}.Release|Any CPU.Build.0 = Release|Any CPU
		{FF6D22BE-94C1-4DEF-BAFA-0C0D2EC6F165}.Release|x64.ActiveCfg = Release|Any CPU
		{FF6D22BE-94C1-4DEF-BAFA-0C0D2EC6F165}.Release|x64.Build.0 = Release|Any CPU
		{FF6D22BE-94C1-4DEF-BAFA-0C0D2EC6F165}.Release|x86.ActiveCfg = Release|Any CPU
		{FF6D22BE-94C1-4DEF-BAFA-0C0D2EC6F165}.Release|x86.Build.0 = Release|Any CPU
		{936516AB-ACE6-458E-93BC-708D7F98E2F7}.Debug|Any CPU.ActiveCfg = Debug|Any CPU
		{936516AB-ACE6-458E-93BC-708D7F98E2F7}.Debug|Any CPU.Build.0 = Debug|Any CPU
		{936516AB-ACE6-458E-93BC-708D7F98E2F7}.Debug|x64.ActiveCfg = Debug|Any CPU
		{936516AB-ACE6-458E-93BC-708D7F98E2F7}.Debug|x64.Build.0 = Debug|Any CPU
		{936516AB-ACE6-458E-93BC-708D7F98E2F7}.Debug|x86.ActiveCfg = Debug|Any CPU
		{936516AB-ACE6-458E-93BC-708D7F98E2F7}.Debug|x86.Build.0 = Debug|Any CPU
		{936516AB-ACE6-458E-93BC-708D7F98E2F7}.Release|Any CPU.ActiveCfg = Release|Any CPU
		{936516AB-ACE6-458E-93BC-708D7F98E2F7}.Release|Any CPU.Build.0 = Release|Any CPU
		{936516AB-ACE6-458E-93BC-708D7F98E2F7}.Release|x64.ActiveCfg = Release|Any CPU
		{936516AB-ACE6-458E-93BC-708D7F98E2F7}.Release|x64.Build.0 = Release|Any CPU
		{936516AB-ACE6-458E-93BC-708D7F98E2F7}.Release|x86.ActiveCfg = Release|Any CPU
		{936516AB-ACE6-458E-93BC-708D7F98E2F7}.Release|x86.Build.0 = Release|Any CPU
		{AE1690AE-C038-42D4-AEE3-5A27E9E3B57D}.Debug|Any CPU.ActiveCfg = Debug|Any CPU
		{AE1690AE-C038-42D4-AEE3-5A27E9E3B57D}.Debug|Any CPU.Build.0 = Debug|Any CPU
		{AE1690AE-C038-42D4-AEE3-5A27E9E3B57D}.Debug|x64.ActiveCfg = Debug|Any CPU
		{AE1690AE-C038-42D4-AEE3-5A27E9E3B57D}.Debug|x64.Build.0 = Debug|Any CPU
		{AE1690AE-C038-42D4-AEE3-5A27E9E3B57D}.Debug|x86.ActiveCfg = Debug|Any CPU
		{AE1690AE-C038-42D4-AEE3-5A27E9E3B57D}.Debug|x86.Build.0 = Debug|Any CPU
		{AE1690AE-C038-42D4-AEE3-5A27E9E3B57D}.Release|Any CPU.ActiveCfg = Release|Any CPU
		{AE1690AE-C038-42D4-AEE3-5A27E9E3B57D}.Release|Any CPU.Build.0 = Release|Any CPU
		{AE1690AE-C038-42D4-AEE3-5A27E9E3B57D}.Release|x64.ActiveCfg = Release|Any CPU
		{AE1690AE-C038-42D4-AEE3-5A27E9E3B57D}.Release|x64.Build.0 = Release|Any CPU
		{AE1690AE-C038-42D4-AEE3-5A27E9E3B57D}.Release|x86.ActiveCfg = Release|Any CPU
		{AE1690AE-C038-42D4-AEE3-5A27E9E3B57D}.Release|x86.Build.0 = Release|Any CPU
		{7A40F935-0A24-4F6B-9E7E-616565CCE563}.Debug|Any CPU.ActiveCfg = Debug|Any CPU
		{7A40F935-0A24-4F6B-9E7E-616565CCE563}.Debug|Any CPU.Build.0 = Debug|Any CPU
		{7A40F935-0A24-4F6B-9E7E-616565CCE563}.Debug|x64.ActiveCfg = Debug|Any CPU
		{7A40F935-0A24-4F6B-9E7E-616565CCE563}.Debug|x64.Build.0 = Debug|Any CPU
		{7A40F935-0A24-4F6B-9E7E-616565CCE563}.Debug|x86.ActiveCfg = Debug|Any CPU
		{7A40F935-0A24-4F6B-9E7E-616565CCE563}.Debug|x86.Build.0 = Debug|Any CPU
		{7A40F935-0A24-4F6B-9E7E-616565CCE563}.Release|Any CPU.ActiveCfg = Release|Any CPU
		{7A40F935-0A24-4F6B-9E7E-616565CCE563}.Release|Any CPU.Build.0 = Release|Any CPU
		{7A40F935-0A24-4F6B-9E7E-616565CCE563}.Release|x64.ActiveCfg = Release|Any CPU
		{7A40F935-0A24-4F6B-9E7E-616565CCE563}.Release|x64.Build.0 = Release|Any CPU
		{7A40F935-0A24-4F6B-9E7E-616565CCE563}.Release|x86.ActiveCfg = Release|Any CPU
		{7A40F935-0A24-4F6B-9E7E-616565CCE563}.Release|x86.Build.0 = Release|Any CPU
		{465C6883-D234-4920-B201-42E85944B8CE}.Debug|Any CPU.ActiveCfg = Debug|Any CPU
		{465C6883-D234-4920-B201-42E85944B8CE}.Debug|Any CPU.Build.0 = Debug|Any CPU
		{465C6883-D234-4920-B201-42E85944B8CE}.Debug|x64.ActiveCfg = Debug|Any CPU
		{465C6883-D234-4920-B201-42E85944B8CE}.Debug|x64.Build.0 = Debug|Any CPU
		{465C6883-D234-4920-B201-42E85944B8CE}.Debug|x86.ActiveCfg = Debug|Any CPU
		{465C6883-D234-4920-B201-42E85944B8CE}.Debug|x86.Build.0 = Debug|Any CPU
		{465C6883-D234-4920-B201-42E85944B8CE}.Release|Any CPU.ActiveCfg = Release|Any CPU
		{465C6883-D234-4920-B201-42E85944B8CE}.Release|Any CPU.Build.0 = Release|Any CPU
		{465C6883-D234-4920-B201-42E85944B8CE}.Release|x64.ActiveCfg = Release|Any CPU
		{465C6883-D234-4920-B201-42E85944B8CE}.Release|x64.Build.0 = Release|Any CPU
		{465C6883-D234-4920-B201-42E85944B8CE}.Release|x86.ActiveCfg = Release|Any CPU
		{465C6883-D234-4920-B201-42E85944B8CE}.Release|x86.Build.0 = Release|Any CPU
		{9186C5A4-53D4-4171-A322-BC2CF12D2151}.Debug|Any CPU.ActiveCfg = Debug|Any CPU
		{9186C5A4-53D4-4171-A322-BC2CF12D2151}.Debug|Any CPU.Build.0 = Debug|Any CPU
		{9186C5A4-53D4-4171-A322-BC2CF12D2151}.Debug|x64.ActiveCfg = Debug|Any CPU
		{9186C5A4-53D4-4171-A322-BC2CF12D2151}.Debug|x64.Build.0 = Debug|Any CPU
		{9186C5A4-53D4-4171-A322-BC2CF12D2151}.Debug|x86.ActiveCfg = Debug|Any CPU
		{9186C5A4-53D4-4171-A322-BC2CF12D2151}.Debug|x86.Build.0 = Debug|Any CPU
		{9186C5A4-53D4-4171-A322-BC2CF12D2151}.Release|Any CPU.ActiveCfg = Release|Any CPU
		{9186C5A4-53D4-4171-A322-BC2CF12D2151}.Release|Any CPU.Build.0 = Release|Any CPU
		{9186C5A4-53D4-4171-A322-BC2CF12D2151}.Release|x64.ActiveCfg = Release|Any CPU
		{9186C5A4-53D4-4171-A322-BC2CF12D2151}.Release|x64.Build.0 = Release|Any CPU
		{9186C5A4-53D4-4171-A322-BC2CF12D2151}.Release|x86.ActiveCfg = Release|Any CPU
		{9186C5A4-53D4-4171-A322-BC2CF12D2151}.Release|x86.Build.0 = Release|Any CPU
		{EFBC7519-2B09-4537-AD25-697B393CC075}.Debug|Any CPU.ActiveCfg = Debug|Any CPU
		{EFBC7519-2B09-4537-AD25-697B393CC075}.Debug|Any CPU.Build.0 = Debug|Any CPU
		{EFBC7519-2B09-4537-AD25-697B393CC075}.Debug|x64.ActiveCfg = Debug|Any CPU
		{EFBC7519-2B09-4537-AD25-697B393CC075}.Debug|x64.Build.0 = Debug|Any CPU
		{EFBC7519-2B09-4537-AD25-697B393CC075}.Debug|x86.ActiveCfg = Debug|Any CPU
		{EFBC7519-2B09-4537-AD25-697B393CC075}.Debug|x86.Build.0 = Debug|Any CPU
		{EFBC7519-2B09-4537-AD25-697B393CC075}.Release|Any CPU.ActiveCfg = Release|Any CPU
		{EFBC7519-2B09-4537-AD25-697B393CC075}.Release|Any CPU.Build.0 = Release|Any CPU
		{EFBC7519-2B09-4537-AD25-697B393CC075}.Release|x64.ActiveCfg = Release|Any CPU
		{EFBC7519-2B09-4537-AD25-697B393CC075}.Release|x64.Build.0 = Release|Any CPU
		{EFBC7519-2B09-4537-AD25-697B393CC075}.Release|x86.ActiveCfg = Release|Any CPU
		{EFBC7519-2B09-4537-AD25-697B393CC075}.Release|x86.Build.0 = Release|Any CPU
		{CA39F48D-4BC4-4C68-88B1-D9E2A597B3F4}.Debug|Any CPU.ActiveCfg = Debug|Any CPU
		{CA39F48D-4BC4-4C68-88B1-D9E2A597B3F4}.Debug|Any CPU.Build.0 = Debug|Any CPU
		{CA39F48D-4BC4-4C68-88B1-D9E2A597B3F4}.Debug|x64.ActiveCfg = Debug|Any CPU
		{CA39F48D-4BC4-4C68-88B1-D9E2A597B3F4}.Debug|x64.Build.0 = Debug|Any CPU
		{CA39F48D-4BC4-4C68-88B1-D9E2A597B3F4}.Debug|x86.ActiveCfg = Debug|Any CPU
		{CA39F48D-4BC4-4C68-88B1-D9E2A597B3F4}.Debug|x86.Build.0 = Debug|Any CPU
		{CA39F48D-4BC4-4C68-88B1-D9E2A597B3F4}.Release|Any CPU.ActiveCfg = Release|Any CPU
		{CA39F48D-4BC4-4C68-88B1-D9E2A597B3F4}.Release|Any CPU.Build.0 = Release|Any CPU
		{CA39F48D-4BC4-4C68-88B1-D9E2A597B3F4}.Release|x64.ActiveCfg = Release|Any CPU
		{CA39F48D-4BC4-4C68-88B1-D9E2A597B3F4}.Release|x64.Build.0 = Release|Any CPU
		{CA39F48D-4BC4-4C68-88B1-D9E2A597B3F4}.Release|x86.ActiveCfg = Release|Any CPU
		{CA39F48D-4BC4-4C68-88B1-D9E2A597B3F4}.Release|x86.Build.0 = Release|Any CPU
		{3AB4DBBD-EA8E-48CC-8E0A-0083813F4FF2}.Debug|Any CPU.ActiveCfg = Debug|Any CPU
		{3AB4DBBD-EA8E-48CC-8E0A-0083813F4FF2}.Debug|Any CPU.Build.0 = Debug|Any CPU
		{3AB4DBBD-EA8E-48CC-8E0A-0083813F4FF2}.Debug|x64.ActiveCfg = Debug|Any CPU
		{3AB4DBBD-EA8E-48CC-8E0A-0083813F4FF2}.Debug|x64.Build.0 = Debug|Any CPU
		{3AB4DBBD-EA8E-48CC-8E0A-0083813F4FF2}.Debug|x86.ActiveCfg = Debug|Any CPU
		{3AB4DBBD-EA8E-48CC-8E0A-0083813F4FF2}.Debug|x86.Build.0 = Debug|Any CPU
		{3AB4DBBD-EA8E-48CC-8E0A-0083813F4FF2}.Release|Any CPU.ActiveCfg = Release|Any CPU
		{3AB4DBBD-EA8E-48CC-8E0A-0083813F4FF2}.Release|Any CPU.Build.0 = Release|Any CPU
		{3AB4DBBD-EA8E-48CC-8E0A-0083813F4FF2}.Release|x64.ActiveCfg = Release|Any CPU
		{3AB4DBBD-EA8E-48CC-8E0A-0083813F4FF2}.Release|x64.Build.0 = Release|Any CPU
		{3AB4DBBD-EA8E-48CC-8E0A-0083813F4FF2}.Release|x86.ActiveCfg = Release|Any CPU
		{3AB4DBBD-EA8E-48CC-8E0A-0083813F4FF2}.Release|x86.Build.0 = Release|Any CPU
		{25239FC8-4942-42FD-8625-4AA60FD34113}.Debug|Any CPU.ActiveCfg = Debug|Any CPU
		{25239FC8-4942-42FD-8625-4AA60FD34113}.Debug|Any CPU.Build.0 = Debug|Any CPU
		{25239FC8-4942-42FD-8625-4AA60FD34113}.Debug|x64.ActiveCfg = Debug|Any CPU
		{25239FC8-4942-42FD-8625-4AA60FD34113}.Debug|x64.Build.0 = Debug|Any CPU
		{25239FC8-4942-42FD-8625-4AA60FD34113}.Debug|x86.ActiveCfg = Debug|Any CPU
		{25239FC8-4942-42FD-8625-4AA60FD34113}.Debug|x86.Build.0 = Debug|Any CPU
		{25239FC8-4942-42FD-8625-4AA60FD34113}.Release|Any CPU.ActiveCfg = Release|Any CPU
		{25239FC8-4942-42FD-8625-4AA60FD34113}.Release|Any CPU.Build.0 = Release|Any CPU
		{25239FC8-4942-42FD-8625-4AA60FD34113}.Release|x64.ActiveCfg = Release|Any CPU
		{25239FC8-4942-42FD-8625-4AA60FD34113}.Release|x64.Build.0 = Release|Any CPU
		{25239FC8-4942-42FD-8625-4AA60FD34113}.Release|x86.ActiveCfg = Release|Any CPU
		{25239FC8-4942-42FD-8625-4AA60FD34113}.Release|x86.Build.0 = Release|Any CPU
		{1511D78A-62E0-4C56-89F4-A05D2F1299EA}.Debug|Any CPU.ActiveCfg = Debug|Any CPU
		{1511D78A-62E0-4C56-89F4-A05D2F1299EA}.Debug|Any CPU.Build.0 = Debug|Any CPU
		{1511D78A-62E0-4C56-89F4-A05D2F1299EA}.Debug|x64.ActiveCfg = Debug|Any CPU
		{1511D78A-62E0-4C56-89F4-A05D2F1299EA}.Debug|x64.Build.0 = Debug|Any CPU
		{1511D78A-62E0-4C56-89F4-A05D2F1299EA}.Debug|x86.ActiveCfg = Debug|Any CPU
		{1511D78A-62E0-4C56-89F4-A05D2F1299EA}.Debug|x86.Build.0 = Debug|Any CPU
		{1511D78A-62E0-4C56-89F4-A05D2F1299EA}.Release|Any CPU.ActiveCfg = Release|Any CPU
		{1511D78A-62E0-4C56-89F4-A05D2F1299EA}.Release|Any CPU.Build.0 = Release|Any CPU
		{1511D78A-62E0-4C56-89F4-A05D2F1299EA}.Release|x64.ActiveCfg = Release|Any CPU
		{1511D78A-62E0-4C56-89F4-A05D2F1299EA}.Release|x64.Build.0 = Release|Any CPU
		{1511D78A-62E0-4C56-89F4-A05D2F1299EA}.Release|x86.ActiveCfg = Release|Any CPU
		{1511D78A-62E0-4C56-89F4-A05D2F1299EA}.Release|x86.Build.0 = Release|Any CPU
		{30C33AB9-8C9F-4577-97AE-03AEB9EE6F58}.Debug|Any CPU.ActiveCfg = Debug|Any CPU
		{30C33AB9-8C9F-4577-97AE-03AEB9EE6F58}.Debug|Any CPU.Build.0 = Debug|Any CPU
		{30C33AB9-8C9F-4577-97AE-03AEB9EE6F58}.Debug|x64.ActiveCfg = Debug|Any CPU
		{30C33AB9-8C9F-4577-97AE-03AEB9EE6F58}.Debug|x64.Build.0 = Debug|Any CPU
		{30C33AB9-8C9F-4577-97AE-03AEB9EE6F58}.Debug|x86.ActiveCfg = Debug|Any CPU
		{30C33AB9-8C9F-4577-97AE-03AEB9EE6F58}.Debug|x86.Build.0 = Debug|Any CPU
		{30C33AB9-8C9F-4577-97AE-03AEB9EE6F58}.Release|Any CPU.ActiveCfg = Release|Any CPU
		{30C33AB9-8C9F-4577-97AE-03AEB9EE6F58}.Release|Any CPU.Build.0 = Release|Any CPU
		{30C33AB9-8C9F-4577-97AE-03AEB9EE6F58}.Release|x64.ActiveCfg = Release|Any CPU
		{30C33AB9-8C9F-4577-97AE-03AEB9EE6F58}.Release|x64.Build.0 = Release|Any CPU
		{30C33AB9-8C9F-4577-97AE-03AEB9EE6F58}.Release|x86.ActiveCfg = Release|Any CPU
		{30C33AB9-8C9F-4577-97AE-03AEB9EE6F58}.Release|x86.Build.0 = Release|Any CPU
		{208B33C8-6DFA-4C39-956C-300F34FFF2E2}.Debug|Any CPU.ActiveCfg = Debug|Any CPU
		{208B33C8-6DFA-4C39-956C-300F34FFF2E2}.Debug|Any CPU.Build.0 = Debug|Any CPU
		{208B33C8-6DFA-4C39-956C-300F34FFF2E2}.Debug|x64.ActiveCfg = Debug|Any CPU
		{208B33C8-6DFA-4C39-956C-300F34FFF2E2}.Debug|x64.Build.0 = Debug|Any CPU
		{208B33C8-6DFA-4C39-956C-300F34FFF2E2}.Debug|x86.ActiveCfg = Debug|Any CPU
		{208B33C8-6DFA-4C39-956C-300F34FFF2E2}.Debug|x86.Build.0 = Debug|Any CPU
		{208B33C8-6DFA-4C39-956C-300F34FFF2E2}.Release|Any CPU.ActiveCfg = Release|Any CPU
		{208B33C8-6DFA-4C39-956C-300F34FFF2E2}.Release|Any CPU.Build.0 = Release|Any CPU
		{208B33C8-6DFA-4C39-956C-300F34FFF2E2}.Release|x64.ActiveCfg = Release|Any CPU
		{208B33C8-6DFA-4C39-956C-300F34FFF2E2}.Release|x64.Build.0 = Release|Any CPU
		{208B33C8-6DFA-4C39-956C-300F34FFF2E2}.Release|x86.ActiveCfg = Release|Any CPU
		{208B33C8-6DFA-4C39-956C-300F34FFF2E2}.Release|x86.Build.0 = Release|Any CPU
		{74CFEF8B-6963-4028-9FD2-6C912C2A8CE8}.Debug|Any CPU.ActiveCfg = Debug|Any CPU
		{74CFEF8B-6963-4028-9FD2-6C912C2A8CE8}.Debug|Any CPU.Build.0 = Debug|Any CPU
		{74CFEF8B-6963-4028-9FD2-6C912C2A8CE8}.Debug|x64.ActiveCfg = Debug|Any CPU
		{74CFEF8B-6963-4028-9FD2-6C912C2A8CE8}.Debug|x64.Build.0 = Debug|Any CPU
		{74CFEF8B-6963-4028-9FD2-6C912C2A8CE8}.Debug|x86.ActiveCfg = Debug|Any CPU
		{74CFEF8B-6963-4028-9FD2-6C912C2A8CE8}.Debug|x86.Build.0 = Debug|Any CPU
		{74CFEF8B-6963-4028-9FD2-6C912C2A8CE8}.Release|Any CPU.ActiveCfg = Release|Any CPU
		{74CFEF8B-6963-4028-9FD2-6C912C2A8CE8}.Release|Any CPU.Build.0 = Release|Any CPU
		{74CFEF8B-6963-4028-9FD2-6C912C2A8CE8}.Release|x64.ActiveCfg = Release|Any CPU
		{74CFEF8B-6963-4028-9FD2-6C912C2A8CE8}.Release|x64.Build.0 = Release|Any CPU
		{74CFEF8B-6963-4028-9FD2-6C912C2A8CE8}.Release|x86.ActiveCfg = Release|Any CPU
		{74CFEF8B-6963-4028-9FD2-6C912C2A8CE8}.Release|x86.Build.0 = Release|Any CPU
		{77F42546-7CCC-420F-9E0F-88BCAAD19DF5}.Debug|Any CPU.ActiveCfg = Debug|Any CPU
		{77F42546-7CCC-420F-9E0F-88BCAAD19DF5}.Debug|Any CPU.Build.0 = Debug|Any CPU
		{77F42546-7CCC-420F-9E0F-88BCAAD19DF5}.Debug|x64.ActiveCfg = Debug|Any CPU
		{77F42546-7CCC-420F-9E0F-88BCAAD19DF5}.Debug|x64.Build.0 = Debug|Any CPU
		{77F42546-7CCC-420F-9E0F-88BCAAD19DF5}.Debug|x86.ActiveCfg = Debug|Any CPU
		{77F42546-7CCC-420F-9E0F-88BCAAD19DF5}.Debug|x86.Build.0 = Debug|Any CPU
		{77F42546-7CCC-420F-9E0F-88BCAAD19DF5}.Release|Any CPU.ActiveCfg = Release|Any CPU
		{77F42546-7CCC-420F-9E0F-88BCAAD19DF5}.Release|Any CPU.Build.0 = Release|Any CPU
		{77F42546-7CCC-420F-9E0F-88BCAAD19DF5}.Release|x64.ActiveCfg = Release|Any CPU
		{77F42546-7CCC-420F-9E0F-88BCAAD19DF5}.Release|x64.Build.0 = Release|Any CPU
		{77F42546-7CCC-420F-9E0F-88BCAAD19DF5}.Release|x86.ActiveCfg = Release|Any CPU
		{77F42546-7CCC-420F-9E0F-88BCAAD19DF5}.Release|x86.Build.0 = Release|Any CPU
		{2443813F-22B6-44F0-9740-1E12CFD9E241}.Debug|Any CPU.ActiveCfg = Debug|Any CPU
		{2443813F-22B6-44F0-9740-1E12CFD9E241}.Debug|Any CPU.Build.0 = Debug|Any CPU
		{2443813F-22B6-44F0-9740-1E12CFD9E241}.Debug|x64.ActiveCfg = Debug|Any CPU
		{2443813F-22B6-44F0-9740-1E12CFD9E241}.Debug|x64.Build.0 = Debug|Any CPU
		{2443813F-22B6-44F0-9740-1E12CFD9E241}.Debug|x86.ActiveCfg = Debug|Any CPU
		{2443813F-22B6-44F0-9740-1E12CFD9E241}.Debug|x86.Build.0 = Debug|Any CPU
		{2443813F-22B6-44F0-9740-1E12CFD9E241}.Release|Any CPU.ActiveCfg = Release|Any CPU
		{2443813F-22B6-44F0-9740-1E12CFD9E241}.Release|Any CPU.Build.0 = Release|Any CPU
		{2443813F-22B6-44F0-9740-1E12CFD9E241}.Release|x64.ActiveCfg = Release|Any CPU
		{2443813F-22B6-44F0-9740-1E12CFD9E241}.Release|x64.Build.0 = Release|Any CPU
		{2443813F-22B6-44F0-9740-1E12CFD9E241}.Release|x86.ActiveCfg = Release|Any CPU
		{2443813F-22B6-44F0-9740-1E12CFD9E241}.Release|x86.Build.0 = Release|Any CPU
		{D0A73C12-47FB-40DD-A22C-59017B1D453B}.Debug|Any CPU.ActiveCfg = Debug|Any CPU
		{D0A73C12-47FB-40DD-A22C-59017B1D453B}.Debug|Any CPU.Build.0 = Debug|Any CPU
		{D0A73C12-47FB-40DD-A22C-59017B1D453B}.Debug|x64.ActiveCfg = Debug|Any CPU
		{D0A73C12-47FB-40DD-A22C-59017B1D453B}.Debug|x64.Build.0 = Debug|Any CPU
		{D0A73C12-47FB-40DD-A22C-59017B1D453B}.Debug|x86.ActiveCfg = Debug|Any CPU
		{D0A73C12-47FB-40DD-A22C-59017B1D453B}.Debug|x86.Build.0 = Debug|Any CPU
		{D0A73C12-47FB-40DD-A22C-59017B1D453B}.Release|Any CPU.ActiveCfg = Release|Any CPU
		{D0A73C12-47FB-40DD-A22C-59017B1D453B}.Release|Any CPU.Build.0 = Release|Any CPU
		{D0A73C12-47FB-40DD-A22C-59017B1D453B}.Release|x64.ActiveCfg = Release|Any CPU
		{D0A73C12-47FB-40DD-A22C-59017B1D453B}.Release|x64.Build.0 = Release|Any CPU
		{D0A73C12-47FB-40DD-A22C-59017B1D453B}.Release|x86.ActiveCfg = Release|Any CPU
		{D0A73C12-47FB-40DD-A22C-59017B1D453B}.Release|x86.Build.0 = Release|Any CPU
		{E255C555-2C06-4388-8093-DBCD454EC5B4}.Debug|Any CPU.ActiveCfg = Debug|Any CPU
		{E255C555-2C06-4388-8093-DBCD454EC5B4}.Debug|Any CPU.Build.0 = Debug|Any CPU
		{E255C555-2C06-4388-8093-DBCD454EC5B4}.Debug|x64.ActiveCfg = Debug|Any CPU
		{E255C555-2C06-4388-8093-DBCD454EC5B4}.Debug|x64.Build.0 = Debug|Any CPU
		{E255C555-2C06-4388-8093-DBCD454EC5B4}.Debug|x86.ActiveCfg = Debug|Any CPU
		{E255C555-2C06-4388-8093-DBCD454EC5B4}.Debug|x86.Build.0 = Debug|Any CPU
		{E255C555-2C06-4388-8093-DBCD454EC5B4}.Release|Any CPU.ActiveCfg = Release|Any CPU
		{E255C555-2C06-4388-8093-DBCD454EC5B4}.Release|Any CPU.Build.0 = Release|Any CPU
		{E255C555-2C06-4388-8093-DBCD454EC5B4}.Release|x64.ActiveCfg = Release|Any CPU
		{E255C555-2C06-4388-8093-DBCD454EC5B4}.Release|x64.Build.0 = Release|Any CPU
		{E255C555-2C06-4388-8093-DBCD454EC5B4}.Release|x86.ActiveCfg = Release|Any CPU
		{E255C555-2C06-4388-8093-DBCD454EC5B4}.Release|x86.Build.0 = Release|Any CPU
		{39D1FE42-97DC-4C2C-BB42-27C9EF2F9D59}.Debug|Any CPU.ActiveCfg = Debug|Any CPU
		{39D1FE42-97DC-4C2C-BB42-27C9EF2F9D59}.Debug|Any CPU.Build.0 = Debug|Any CPU
		{39D1FE42-97DC-4C2C-BB42-27C9EF2F9D59}.Debug|x64.ActiveCfg = Debug|Any CPU
		{39D1FE42-97DC-4C2C-BB42-27C9EF2F9D59}.Debug|x64.Build.0 = Debug|Any CPU
		{39D1FE42-97DC-4C2C-BB42-27C9EF2F9D59}.Debug|x86.ActiveCfg = Debug|Any CPU
		{39D1FE42-97DC-4C2C-BB42-27C9EF2F9D59}.Debug|x86.Build.0 = Debug|Any CPU
		{39D1FE42-97DC-4C2C-BB42-27C9EF2F9D59}.Release|Any CPU.ActiveCfg = Release|Any CPU
		{39D1FE42-97DC-4C2C-BB42-27C9EF2F9D59}.Release|Any CPU.Build.0 = Release|Any CPU
		{39D1FE42-97DC-4C2C-BB42-27C9EF2F9D59}.Release|x64.ActiveCfg = Release|Any CPU
		{39D1FE42-97DC-4C2C-BB42-27C9EF2F9D59}.Release|x64.Build.0 = Release|Any CPU
		{39D1FE42-97DC-4C2C-BB42-27C9EF2F9D59}.Release|x86.ActiveCfg = Release|Any CPU
		{39D1FE42-97DC-4C2C-BB42-27C9EF2F9D59}.Release|x86.Build.0 = Release|Any CPU
		{9F1FE177-EE51-4E4A-BB54-637324825585}.Debug|Any CPU.ActiveCfg = Debug|Any CPU
		{9F1FE177-EE51-4E4A-BB54-637324825585}.Debug|Any CPU.Build.0 = Debug|Any CPU
		{9F1FE177-EE51-4E4A-BB54-637324825585}.Debug|x64.ActiveCfg = Debug|Any CPU
		{9F1FE177-EE51-4E4A-BB54-637324825585}.Debug|x64.Build.0 = Debug|Any CPU
		{9F1FE177-EE51-4E4A-BB54-637324825585}.Debug|x86.ActiveCfg = Debug|Any CPU
		{9F1FE177-EE51-4E4A-BB54-637324825585}.Debug|x86.Build.0 = Debug|Any CPU
		{9F1FE177-EE51-4E4A-BB54-637324825585}.Release|Any CPU.ActiveCfg = Release|Any CPU
		{9F1FE177-EE51-4E4A-BB54-637324825585}.Release|Any CPU.Build.0 = Release|Any CPU
		{9F1FE177-EE51-4E4A-BB54-637324825585}.Release|x64.ActiveCfg = Release|Any CPU
		{9F1FE177-EE51-4E4A-BB54-637324825585}.Release|x64.Build.0 = Release|Any CPU
		{9F1FE177-EE51-4E4A-BB54-637324825585}.Release|x86.ActiveCfg = Release|Any CPU
		{9F1FE177-EE51-4E4A-BB54-637324825585}.Release|x86.Build.0 = Release|Any CPU
		{03B9900A-924D-4527-8CCF-3C064447531F}.Debug|Any CPU.ActiveCfg = Debug|Any CPU
		{03B9900A-924D-4527-8CCF-3C064447531F}.Debug|Any CPU.Build.0 = Debug|Any CPU
		{03B9900A-924D-4527-8CCF-3C064447531F}.Debug|x64.ActiveCfg = Debug|Any CPU
		{03B9900A-924D-4527-8CCF-3C064447531F}.Debug|x64.Build.0 = Debug|Any CPU
		{03B9900A-924D-4527-8CCF-3C064447531F}.Debug|x86.ActiveCfg = Debug|Any CPU
		{03B9900A-924D-4527-8CCF-3C064447531F}.Debug|x86.Build.0 = Debug|Any CPU
		{03B9900A-924D-4527-8CCF-3C064447531F}.Release|Any CPU.ActiveCfg = Release|Any CPU
		{03B9900A-924D-4527-8CCF-3C064447531F}.Release|Any CPU.Build.0 = Release|Any CPU
		{03B9900A-924D-4527-8CCF-3C064447531F}.Release|x64.ActiveCfg = Release|Any CPU
		{03B9900A-924D-4527-8CCF-3C064447531F}.Release|x64.Build.0 = Release|Any CPU
		{03B9900A-924D-4527-8CCF-3C064447531F}.Release|x86.ActiveCfg = Release|Any CPU
		{03B9900A-924D-4527-8CCF-3C064447531F}.Release|x86.Build.0 = Release|Any CPU
	EndGlobalSection
	GlobalSection(NestedProjects) = preSolution
		{054BEFA3-44F8-46DC-8762-C70BD65A425F} = {72EAA9E6-6A6C-42A7-AE53-4F0C08DE32CD}
		{BB76304D-6362-4EC5-B3CD-53989419AD3B} = {72EAA9E6-6A6C-42A7-AE53-4F0C08DE32CD}
		{4F3F356D-9515-4C47-8CB7-B07F486F3377} = {72EAA9E6-6A6C-42A7-AE53-4F0C08DE32CD}
		{9086C4AE-F5F3-44E5-BC1A-9FFA910271D3} = {72EAA9E6-6A6C-42A7-AE53-4F0C08DE32CD}
		{FF6D22BE-94C1-4DEF-BAFA-0C0D2EC6F165} = {72EAA9E6-6A6C-42A7-AE53-4F0C08DE32CD}
		{936516AB-ACE6-458E-93BC-708D7F98E2F7} = {72EAA9E6-6A6C-42A7-AE53-4F0C08DE32CD}
		{AE1690AE-C038-42D4-AEE3-5A27E9E3B57D} = {72EAA9E6-6A6C-42A7-AE53-4F0C08DE32CD}
		{7A40F935-0A24-4F6B-9E7E-616565CCE563} = {72EAA9E6-6A6C-42A7-AE53-4F0C08DE32CD}
		{465C6883-D234-4920-B201-42E85944B8CE} = {72EAA9E6-6A6C-42A7-AE53-4F0C08DE32CD}
		{9186C5A4-53D4-4171-A322-BC2CF12D2151} = {72EAA9E6-6A6C-42A7-AE53-4F0C08DE32CD}
		{61496BCE-C89B-4BAF-9FB6-2A7AA17264B2} = {72EAA9E6-6A6C-42A7-AE53-4F0C08DE32CD}
		{EFBC7519-2B09-4537-AD25-697B393CC075} = {61496BCE-C89B-4BAF-9FB6-2A7AA17264B2}
		{8A1A3F7C-6BE2-4D9D-81FD-58EC84FB355C} = {72EAA9E6-6A6C-42A7-AE53-4F0C08DE32CD}
		{CA39F48D-4BC4-4C68-88B1-D9E2A597B3F4} = {8A1A3F7C-6BE2-4D9D-81FD-58EC84FB355C}
		{3AB4DBBD-EA8E-48CC-8E0A-0083813F4FF2} = {72EAA9E6-6A6C-42A7-AE53-4F0C08DE32CD}
		{25239FC8-4942-42FD-8625-4AA60FD34113} = {72EAA9E6-6A6C-42A7-AE53-4F0C08DE32CD}
		{1511D78A-62E0-4C56-89F4-A05D2F1299EA} = {72EAA9E6-6A6C-42A7-AE53-4F0C08DE32CD}
		{30C33AB9-8C9F-4577-97AE-03AEB9EE6F58} = {72EAA9E6-6A6C-42A7-AE53-4F0C08DE32CD}
		{208B33C8-6DFA-4C39-956C-300F34FFF2E2} = {4261B5F1-7C4C-4D9E-9212-37B684B8915E}
		{74CFEF8B-6963-4028-9FD2-6C912C2A8CE8} = {4261B5F1-7C4C-4D9E-9212-37B684B8915E}
		{77F42546-7CCC-420F-9E0F-88BCAAD19DF5} = {4261B5F1-7C4C-4D9E-9212-37B684B8915E}
		{2443813F-22B6-44F0-9740-1E12CFD9E241} = {72EAA9E6-6A6C-42A7-AE53-4F0C08DE32CD}
		{D0A73C12-47FB-40DD-A22C-59017B1D453B} = {72EAA9E6-6A6C-42A7-AE53-4F0C08DE32CD}
		{E255C555-2C06-4388-8093-DBCD454EC5B4} = {72EAA9E6-6A6C-42A7-AE53-4F0C08DE32CD}
		{39D1FE42-97DC-4C2C-BB42-27C9EF2F9D59} = {72EAA9E6-6A6C-42A7-AE53-4F0C08DE32CD}
		{9F1FE177-EE51-4E4A-BB54-637324825585} = {72EAA9E6-6A6C-42A7-AE53-4F0C08DE32CD}
		{03B9900A-924D-4527-8CCF-3C064447531F} = {4261B5F1-7C4C-4D9E-9212-37B684B8915E}
	EndGlobalSection
EndGlobal
