
Microsoft Visual Studio Solution File, Format Version 12.00
# Visual Studio 15
VisualStudioVersion = 15.0.26124.0
MinimumVisualStudioVersion = 15.0.26124.0
Project("{F2A71F9B-5D33-465A-A702-920D77279786}") = "Common", "Common\Common.fsproj", "{FA664428-C865-4D81-9AFD-3A18F82913EF}"
EndProject
Project("{F2A71F9B-5D33-465A-A702-920D77279786}") = "WakeUpComputer", "WakeUpComputer\WakeUpComputer.fsproj", "{17F3B18B-F560-421C-AACA-31BEFE6F3535}"
EndProject
Project("{F2A71F9B-5D33-465A-A702-920D77279786}") = "Untis", "Untis\Untis.fsproj", "{4644110C-9301-4639-A17D-151485320692}"
EndProject
Project("{F2A71F9B-5D33-465A-A702-920D77279786}") = "AAD", "AAD\AAD.fsproj", "{C8DCBA1E-C587-4C8F-BA1E-48A1B16CDC4B}"
EndProject
Project("{F2A71F9B-5D33-465A-A702-920D77279786}") = "Management.Server", "Management.Server\Management.Server.fsproj", "{15DADC08-D015-41A1-B6FB-140EA3CCEEE2}"
EndProject
Project("{F2A71F9B-5D33-465A-A702-920D77279786}") = "FinalTheses", "FinalTheses\FinalTheses.fsproj", "{3B2105F1-5613-4B1A-A063-8AD081D56921}"
EndProject
Project("{F2A71F9B-5D33-465A-A702-920D77279786}") = "Teaching.Server", "Teaching.Server\Teaching.Server.fsproj", "{5244F280-559F-4F38-B917-3B8303282D29}"
EndProject
Project("{F2A71F9B-5D33-465A-A702-920D77279786}") = "Common.Server", "Common.Server\Common.Server.fsproj", "{BCAC7200-F3C7-4502-8742-525B800A6A95}"
EndProject
Project("{F2A71F9B-5D33-465A-A702-920D77279786}") = "PhotoLibrary", "PhotoLibrary\PhotoLibrary.fsproj", "{8E319D08-3EDB-4A61-BAA9-A5827A2FC5B0}"
EndProject
Project("{F2A71F9B-5D33-465A-A702-920D77279786}") = "FileStorage", "FileStorage\FileStorage.fsproj", "{E9EC6DBC-7CC5-4EA9-838A-071AF262407F}"
EndProject
Global
	GlobalSection(SolutionConfigurationPlatforms) = preSolution
		Debug|Any CPU = Debug|Any CPU
		Debug|x64 = Debug|x64
		Debug|x86 = Debug|x86
		Release|Any CPU = Release|Any CPU
		Release|x64 = Release|x64
		Release|x86 = Release|x86
	EndGlobalSection
	GlobalSection(SolutionProperties) = preSolution
		HideSolutionNode = FALSE
	EndGlobalSection
	GlobalSection(ProjectConfigurationPlatforms) = postSolution
		{FA664428-C865-4D81-9AFD-3A18F82913EF}.Debug|Any CPU.ActiveCfg = Debug|Any CPU
		{FA664428-C865-4D81-9AFD-3A18F82913EF}.Debug|Any CPU.Build.0 = Debug|Any CPU
		{FA664428-C865-4D81-9AFD-3A18F82913EF}.Debug|x64.ActiveCfg = Debug|Any CPU
		{FA664428-C865-4D81-9AFD-3A18F82913EF}.Debug|x64.Build.0 = Debug|Any CPU
		{FA664428-C865-4D81-9AFD-3A18F82913EF}.Debug|x86.ActiveCfg = Debug|Any CPU
		{FA664428-C865-4D81-9AFD-3A18F82913EF}.Debug|x86.Build.0 = Debug|Any CPU
		{FA664428-C865-4D81-9AFD-3A18F82913EF}.Release|Any CPU.ActiveCfg = Release|Any CPU
		{FA664428-C865-4D81-9AFD-3A18F82913EF}.Release|Any CPU.Build.0 = Release|Any CPU
		{FA664428-C865-4D81-9AFD-3A18F82913EF}.Release|x64.ActiveCfg = Release|Any CPU
		{FA664428-C865-4D81-9AFD-3A18F82913EF}.Release|x64.Build.0 = Release|Any CPU
		{FA664428-C865-4D81-9AFD-3A18F82913EF}.Release|x86.ActiveCfg = Release|Any CPU
		{FA664428-C865-4D81-9AFD-3A18F82913EF}.Release|x86.Build.0 = Release|Any CPU
		{17F3B18B-F560-421C-AACA-31BEFE6F3535}.Debug|Any CPU.ActiveCfg = Debug|Any CPU
		{17F3B18B-F560-421C-AACA-31BEFE6F3535}.Debug|Any CPU.Build.0 = Debug|Any CPU
		{17F3B18B-F560-421C-AACA-31BEFE6F3535}.Debug|x64.ActiveCfg = Debug|Any CPU
		{17F3B18B-F560-421C-AACA-31BEFE6F3535}.Debug|x64.Build.0 = Debug|Any CPU
		{17F3B18B-F560-421C-AACA-31BEFE6F3535}.Debug|x86.ActiveCfg = Debug|Any CPU
		{17F3B18B-F560-421C-AACA-31BEFE6F3535}.Debug|x86.Build.0 = Debug|Any CPU
		{17F3B18B-F560-421C-AACA-31BEFE6F3535}.Release|Any CPU.ActiveCfg = Release|Any CPU
		{17F3B18B-F560-421C-AACA-31BEFE6F3535}.Release|Any CPU.Build.0 = Release|Any CPU
		{17F3B18B-F560-421C-AACA-31BEFE6F3535}.Release|x64.ActiveCfg = Release|Any CPU
		{17F3B18B-F560-421C-AACA-31BEFE6F3535}.Release|x64.Build.0 = Release|Any CPU
		{17F3B18B-F560-421C-AACA-31BEFE6F3535}.Release|x86.ActiveCfg = Release|Any CPU
		{17F3B18B-F560-421C-AACA-31BEFE6F3535}.Release|x86.Build.0 = Release|Any CPU
		{4644110C-9301-4639-A17D-151485320692}.Debug|Any CPU.ActiveCfg = Debug|Any CPU
		{4644110C-9301-4639-A17D-151485320692}.Debug|Any CPU.Build.0 = Debug|Any CPU
		{4644110C-9301-4639-A17D-151485320692}.Debug|x64.ActiveCfg = Debug|Any CPU
		{4644110C-9301-4639-A17D-151485320692}.Debug|x64.Build.0 = Debug|Any CPU
		{4644110C-9301-4639-A17D-151485320692}.Debug|x86.ActiveCfg = Debug|Any CPU
		{4644110C-9301-4639-A17D-151485320692}.Debug|x86.Build.0 = Debug|Any CPU
		{4644110C-9301-4639-A17D-151485320692}.Release|Any CPU.ActiveCfg = Release|Any CPU
		{4644110C-9301-4639-A17D-151485320692}.Release|Any CPU.Build.0 = Release|Any CPU
		{4644110C-9301-4639-A17D-151485320692}.Release|x64.ActiveCfg = Release|Any CPU
		{4644110C-9301-4639-A17D-151485320692}.Release|x64.Build.0 = Release|Any CPU
		{4644110C-9301-4639-A17D-151485320692}.Release|x86.ActiveCfg = Release|Any CPU
		{4644110C-9301-4639-A17D-151485320692}.Release|x86.Build.0 = Release|Any CPU
		{C8DCBA1E-C587-4C8F-BA1E-48A1B16CDC4B}.Debug|Any CPU.ActiveCfg = Debug|Any CPU
		{C8DCBA1E-C587-4C8F-BA1E-48A1B16CDC4B}.Debug|Any CPU.Build.0 = Debug|Any CPU
		{C8DCBA1E-C587-4C8F-BA1E-48A1B16CDC4B}.Debug|x64.ActiveCfg = Debug|Any CPU
		{C8DCBA1E-C587-4C8F-BA1E-48A1B16CDC4B}.Debug|x64.Build.0 = Debug|Any CPU
		{C8DCBA1E-C587-4C8F-BA1E-48A1B16CDC4B}.Debug|x86.ActiveCfg = Debug|Any CPU
		{C8DCBA1E-C587-4C8F-BA1E-48A1B16CDC4B}.Debug|x86.Build.0 = Debug|Any CPU
		{C8DCBA1E-C587-4C8F-BA1E-48A1B16CDC4B}.Release|Any CPU.ActiveCfg = Release|Any CPU
		{C8DCBA1E-C587-4C8F-BA1E-48A1B16CDC4B}.Release|Any CPU.Build.0 = Release|Any CPU
		{C8DCBA1E-C587-4C8F-BA1E-48A1B16CDC4B}.Release|x64.ActiveCfg = Release|Any CPU
		{C8DCBA1E-C587-4C8F-BA1E-48A1B16CDC4B}.Release|x64.Build.0 = Release|Any CPU
		{C8DCBA1E-C587-4C8F-BA1E-48A1B16CDC4B}.Release|x86.ActiveCfg = Release|Any CPU
		{C8DCBA1E-C587-4C8F-BA1E-48A1B16CDC4B}.Release|x86.Build.0 = Release|Any CPU
		{15DADC08-D015-41A1-B6FB-140EA3CCEEE2}.Debug|Any CPU.ActiveCfg = Debug|Any CPU
		{15DADC08-D015-41A1-B6FB-140EA3CCEEE2}.Debug|Any CPU.Build.0 = Debug|Any CPU
		{15DADC08-D015-41A1-B6FB-140EA3CCEEE2}.Debug|x64.ActiveCfg = Debug|Any CPU
		{15DADC08-D015-41A1-B6FB-140EA3CCEEE2}.Debug|x64.Build.0 = Debug|Any CPU
		{15DADC08-D015-41A1-B6FB-140EA3CCEEE2}.Debug|x86.ActiveCfg = Debug|Any CPU
		{15DADC08-D015-41A1-B6FB-140EA3CCEEE2}.Debug|x86.Build.0 = Debug|Any CPU
		{15DADC08-D015-41A1-B6FB-140EA3CCEEE2}.Release|Any CPU.ActiveCfg = Release|Any CPU
		{15DADC08-D015-41A1-B6FB-140EA3CCEEE2}.Release|Any CPU.Build.0 = Release|Any CPU
		{15DADC08-D015-41A1-B6FB-140EA3CCEEE2}.Release|x64.ActiveCfg = Release|Any CPU
		{15DADC08-D015-41A1-B6FB-140EA3CCEEE2}.Release|x64.Build.0 = Release|Any CPU
		{15DADC08-D015-41A1-B6FB-140EA3CCEEE2}.Release|x86.ActiveCfg = Release|Any CPU
		{15DADC08-D015-41A1-B6FB-140EA3CCEEE2}.Release|x86.Build.0 = Release|Any CPU
		{3B2105F1-5613-4B1A-A063-8AD081D56921}.Debug|Any CPU.ActiveCfg = Debug|Any CPU
		{3B2105F1-5613-4B1A-A063-8AD081D56921}.Debug|Any CPU.Build.0 = Debug|Any CPU
		{3B2105F1-5613-4B1A-A063-8AD081D56921}.Debug|x64.ActiveCfg = Debug|Any CPU
		{3B2105F1-5613-4B1A-A063-8AD081D56921}.Debug|x64.Build.0 = Debug|Any CPU
		{3B2105F1-5613-4B1A-A063-8AD081D56921}.Debug|x86.ActiveCfg = Debug|Any CPU
		{3B2105F1-5613-4B1A-A063-8AD081D56921}.Debug|x86.Build.0 = Debug|Any CPU
		{3B2105F1-5613-4B1A-A063-8AD081D56921}.Release|Any CPU.ActiveCfg = Release|Any CPU
		{3B2105F1-5613-4B1A-A063-8AD081D56921}.Release|Any CPU.Build.0 = Release|Any CPU
		{3B2105F1-5613-4B1A-A063-8AD081D56921}.Release|x64.ActiveCfg = Release|Any CPU
		{3B2105F1-5613-4B1A-A063-8AD081D56921}.Release|x64.Build.0 = Release|Any CPU
		{3B2105F1-5613-4B1A-A063-8AD081D56921}.Release|x86.ActiveCfg = Release|Any CPU
		{3B2105F1-5613-4B1A-A063-8AD081D56921}.Release|x86.Build.0 = Release|Any CPU
		{5244F280-559F-4F38-B917-3B8303282D29}.Debug|Any CPU.ActiveCfg = Debug|Any CPU
		{5244F280-559F-4F38-B917-3B8303282D29}.Debug|Any CPU.Build.0 = Debug|Any CPU
		{5244F280-559F-4F38-B917-3B8303282D29}.Debug|x64.ActiveCfg = Debug|Any CPU
		{5244F280-559F-4F38-B917-3B8303282D29}.Debug|x64.Build.0 = Debug|Any CPU
		{5244F280-559F-4F38-B917-3B8303282D29}.Debug|x86.ActiveCfg = Debug|Any CPU
		{5244F280-559F-4F38-B917-3B8303282D29}.Debug|x86.Build.0 = Debug|Any CPU
		{5244F280-559F-4F38-B917-3B8303282D29}.Release|Any CPU.ActiveCfg = Release|Any CPU
		{5244F280-559F-4F38-B917-3B8303282D29}.Release|Any CPU.Build.0 = Release|Any CPU
		{5244F280-559F-4F38-B917-3B8303282D29}.Release|x64.ActiveCfg = Release|Any CPU
		{5244F280-559F-4F38-B917-3B8303282D29}.Release|x64.Build.0 = Release|Any CPU
		{5244F280-559F-4F38-B917-3B8303282D29}.Release|x86.ActiveCfg = Release|Any CPU
		{5244F280-559F-4F38-B917-3B8303282D29}.Release|x86.Build.0 = Release|Any CPU
		{BCAC7200-F3C7-4502-8742-525B800A6A95}.Debug|Any CPU.ActiveCfg = Debug|Any CPU
		{BCAC7200-F3C7-4502-8742-525B800A6A95}.Debug|Any CPU.Build.0 = Debug|Any CPU
		{BCAC7200-F3C7-4502-8742-525B800A6A95}.Debug|x64.ActiveCfg = Debug|Any CPU
		{BCAC7200-F3C7-4502-8742-525B800A6A95}.Debug|x64.Build.0 = Debug|Any CPU
		{BCAC7200-F3C7-4502-8742-525B800A6A95}.Debug|x86.ActiveCfg = Debug|Any CPU
		{BCAC7200-F3C7-4502-8742-525B800A6A95}.Debug|x86.Build.0 = Debug|Any CPU
		{BCAC7200-F3C7-4502-8742-525B800A6A95}.Release|Any CPU.ActiveCfg = Release|Any CPU
		{BCAC7200-F3C7-4502-8742-525B800A6A95}.Release|Any CPU.Build.0 = Release|Any CPU
		{BCAC7200-F3C7-4502-8742-525B800A6A95}.Release|x64.ActiveCfg = Release|Any CPU
		{BCAC7200-F3C7-4502-8742-525B800A6A95}.Release|x64.Build.0 = Release|Any CPU
		{BCAC7200-F3C7-4502-8742-525B800A6A95}.Release|x86.ActiveCfg = Release|Any CPU
		{BCAC7200-F3C7-4502-8742-525B800A6A95}.Release|x86.Build.0 = Release|Any CPU
		{8E319D08-3EDB-4A61-BAA9-A5827A2FC5B0}.Debug|Any CPU.ActiveCfg = Debug|Any CPU
		{8E319D08-3EDB-4A61-BAA9-A5827A2FC5B0}.Debug|Any CPU.Build.0 = Debug|Any CPU
		{8E319D08-3EDB-4A61-BAA9-A5827A2FC5B0}.Debug|x64.ActiveCfg = Debug|Any CPU
		{8E319D08-3EDB-4A61-BAA9-A5827A2FC5B0}.Debug|x64.Build.0 = Debug|Any CPU
		{8E319D08-3EDB-4A61-BAA9-A5827A2FC5B0}.Debug|x86.ActiveCfg = Debug|Any CPU
		{8E319D08-3EDB-4A61-BAA9-A5827A2FC5B0}.Debug|x86.Build.0 = Debug|Any CPU
		{8E319D08-3EDB-4A61-BAA9-A5827A2FC5B0}.Release|Any CPU.ActiveCfg = Release|Any CPU
		{8E319D08-3EDB-4A61-BAA9-A5827A2FC5B0}.Release|Any CPU.Build.0 = Release|Any CPU
		{8E319D08-3EDB-4A61-BAA9-A5827A2FC5B0}.Release|x64.ActiveCfg = Release|Any CPU
		{8E319D08-3EDB-4A61-BAA9-A5827A2FC5B0}.Release|x64.Build.0 = Release|Any CPU
		{8E319D08-3EDB-4A61-BAA9-A5827A2FC5B0}.Release|x86.ActiveCfg = Release|Any CPU
		{8E319D08-3EDB-4A61-BAA9-A5827A2FC5B0}.Release|x86.Build.0 = Release|Any CPU
		{E9EC6DBC-7CC5-4EA9-838A-071AF262407F}.Debug|Any CPU.ActiveCfg = Debug|Any CPU
		{E9EC6DBC-7CC5-4EA9-838A-071AF262407F}.Debug|Any CPU.Build.0 = Debug|Any CPU
		{E9EC6DBC-7CC5-4EA9-838A-071AF262407F}.Debug|x64.ActiveCfg = Debug|Any CPU
		{E9EC6DBC-7CC5-4EA9-838A-071AF262407F}.Debug|x64.Build.0 = Debug|Any CPU
		{E9EC6DBC-7CC5-4EA9-838A-071AF262407F}.Debug|x86.ActiveCfg = Debug|Any CPU
		{E9EC6DBC-7CC5-4EA9-838A-071AF262407F}.Debug|x86.Build.0 = Debug|Any CPU
		{E9EC6DBC-7CC5-4EA9-838A-071AF262407F}.Release|Any CPU.ActiveCfg = Release|Any CPU
		{E9EC6DBC-7CC5-4EA9-838A-071AF262407F}.Release|Any CPU.Build.0 = Release|Any CPU
		{E9EC6DBC-7CC5-4EA9-838A-071AF262407F}.Release|x64.ActiveCfg = Release|Any CPU
		{E9EC6DBC-7CC5-4EA9-838A-071AF262407F}.Release|x64.Build.0 = Release|Any CPU
		{E9EC6DBC-7CC5-4EA9-838A-071AF262407F}.Release|x86.ActiveCfg = Release|Any CPU
		{E9EC6DBC-7CC5-4EA9-838A-071AF262407F}.Release|x86.Build.0 = Release|Any CPU
	EndGlobalSection
EndGlobal
