
Microsoft Visual Studio Solution File, Format Version 12.00
# Visual Studio 15
VisualStudioVersion = 15.0.27004.2005
MinimumVisualStudioVersion = 10.0.40219.1
Project("{6EC3EE1D-3C4E-46DD-8F32-0CC8E7565705}") = "Client", "Client\Client.fsproj", "{73E8E820-C8AA-47CC-BB2B-152CA4D0B855}"
EndProject
Project("{6EC3EE1D-3C4E-46DD-8F32-0CC8E7565705}") = "Server", "Server\Server.fsproj", "{73E8E820-C8AA-47CC-BB2B-152CA4D0B856}"
EndProject
Project("{F2A71F9B-5D33-465A-A702-920D77279786}") = "Server.Test", "Server.Test\Server.Test.fsproj", "{A4E1D237-4DE4-4879-A5ED-E15663A7D204}"
EndProject
Project("{F2A71F9B-5D33-465A-A702-920D77279786}") = "Common", "Common\Common.fsproj", "{975C94E2-8B5B-4F95-B72C-A87F8039BBFA}"
EndProject
Project("{F2A71F9B-5D33-465A-A702-920D77279786}") = "WakeUpComputer", "WakeUpComputer\WakeUpComputer.fsproj", "{FD8F63D6-167C-4615-A384-29FB14691941}"
EndProject
Project("{F2A71F9B-5D33-465A-A702-920D77279786}") = "Untis", "Untis\Untis.fsproj", "{96548037-8053-4039-8E3D-3437B5676276}"
EndProject
Project("{F2A71F9B-5D33-465A-A702-920D77279786}") = "AAD", "AAD\AAD.fsproj", "{0F482B11-E0F7-4454-85C8-E20DA01E0D30}"
EndProject
Project("{F2A71F9B-5D33-465A-A702-920D77279786}") = "AAD.Test", "AAD.Test\AAD.Test.fsproj", "{B3D5075B-D6EC-4CBC-8537-05D6CD94FC91}"
EndProject
Project("{F2A71F9B-5D33-465A-A702-920D77279786}") = "Admin.Server", "Admin.Server\Admin.Server.fsproj", "{A7036E32-6A96-43A0-8C04-841E3F898A10}"
EndProject
Global
	GlobalSection(SolutionConfigurationPlatforms) = preSolution
		Debug|Any CPU = Debug|Any CPU
		Release|Any CPU = Release|Any CPU
	EndGlobalSection
	GlobalSection(ProjectConfigurationPlatforms) = postSolution
		{73E8E820-C8AA-47CC-BB2B-152CA4D0B855}.Debug|Any CPU.ActiveCfg = Debug|Any CPU
		{73E8E820-C8AA-47CC-BB2B-152CA4D0B855}.Debug|Any CPU.Build.0 = Debug|Any CPU
		{73E8E820-C8AA-47CC-BB2B-152CA4D0B855}.Release|Any CPU.ActiveCfg = Release|Any CPU
		{73E8E820-C8AA-47CC-BB2B-152CA4D0B855}.Release|Any CPU.Build.0 = Release|Any CPU
		{A4E1D237-4DE4-4879-A5ED-E15663A7D204}.Debug|Any CPU.ActiveCfg = Debug|Any CPU
		{A4E1D237-4DE4-4879-A5ED-E15663A7D204}.Debug|Any CPU.Build.0 = Debug|Any CPU
		{A4E1D237-4DE4-4879-A5ED-E15663A7D204}.Release|Any CPU.ActiveCfg = Release|Any CPU
		{A4E1D237-4DE4-4879-A5ED-E15663A7D204}.Release|Any CPU.Build.0 = Release|Any CPU
		{975C94E2-8B5B-4F95-B72C-A87F8039BBFA}.Debug|Any CPU.ActiveCfg = Debug|Any CPU
		{975C94E2-8B5B-4F95-B72C-A87F8039BBFA}.Debug|Any CPU.Build.0 = Debug|Any CPU
		{975C94E2-8B5B-4F95-B72C-A87F8039BBFA}.Release|Any CPU.ActiveCfg = Release|Any CPU
		{975C94E2-8B5B-4F95-B72C-A87F8039BBFA}.Release|Any CPU.Build.0 = Release|Any CPU
		{FD8F63D6-167C-4615-A384-29FB14691941}.Debug|Any CPU.ActiveCfg = Debug|Any CPU
		{FD8F63D6-167C-4615-A384-29FB14691941}.Debug|Any CPU.Build.0 = Debug|Any CPU
		{FD8F63D6-167C-4615-A384-29FB14691941}.Release|Any CPU.ActiveCfg = Release|Any CPU
		{FD8F63D6-167C-4615-A384-29FB14691941}.Release|Any CPU.Build.0 = Release|Any CPU
		{96548037-8053-4039-8E3D-3437B5676276}.Debug|Any CPU.ActiveCfg = Debug|Any CPU
		{96548037-8053-4039-8E3D-3437B5676276}.Debug|Any CPU.Build.0 = Debug|Any CPU
		{96548037-8053-4039-8E3D-3437B5676276}.Release|Any CPU.ActiveCfg = Release|Any CPU
		{96548037-8053-4039-8E3D-3437B5676276}.Release|Any CPU.Build.0 = Release|Any CPU
		{0F482B11-E0F7-4454-85C8-E20DA01E0D30}.Debug|Any CPU.ActiveCfg = Debug|Any CPU
		{0F482B11-E0F7-4454-85C8-E20DA01E0D30}.Debug|Any CPU.Build.0 = Debug|Any CPU
		{0F482B11-E0F7-4454-85C8-E20DA01E0D30}.Release|Any CPU.ActiveCfg = Release|Any CPU
		{0F482B11-E0F7-4454-85C8-E20DA01E0D30}.Release|Any CPU.Build.0 = Release|Any CPU
		{B3D5075B-D6EC-4CBC-8537-05D6CD94FC91}.Debug|Any CPU.ActiveCfg = Debug|Any CPU
		{B3D5075B-D6EC-4CBC-8537-05D6CD94FC91}.Debug|Any CPU.Build.0 = Debug|Any CPU
		{B3D5075B-D6EC-4CBC-8537-05D6CD94FC91}.Release|Any CPU.ActiveCfg = Release|Any CPU
		{B3D5075B-D6EC-4CBC-8537-05D6CD94FC91}.Release|Any CPU.Build.0 = Release|Any CPU
		{A7036E32-6A96-43A0-8C04-841E3F898A10}.Debug|Any CPU.ActiveCfg = Debug|Any CPU
		{A7036E32-6A96-43A0-8C04-841E3F898A10}.Debug|Any CPU.Build.0 = Debug|Any CPU
		{A7036E32-6A96-43A0-8C04-841E3F898A10}.Release|Any CPU.ActiveCfg = Release|Any CPU
		{A7036E32-6A96-43A0-8C04-841E3F898A10}.Release|Any CPU.Build.0 = Release|Any CPU
	EndGlobalSection
	GlobalSection(ProjectConfigurationPlatforms) = postSolution
		{73E8E820-C8AA-47CC-BB2B-152CA4D0B856}.Debug|Any CPU.ActiveCfg = Debug|Any CPU
		{73E8E820-C8AA-47CC-BB2B-152CA4D0B856}.Debug|Any CPU.Build.0 = Debug|Any CPU
		{73E8E820-C8AA-47CC-BB2B-152CA4D0B856}.Release|Any CPU.ActiveCfg = Release|Any CPU
		{73E8E820-C8AA-47CC-BB2B-152CA4D0B856}.Release|Any CPU.Build.0 = Release|Any CPU
	EndGlobalSection
	GlobalSection(SolutionProperties) = preSolution
		HideSolutionNode = FALSE
	EndGlobalSection
	GlobalSection(ExtensibilityGlobals) = postSolution
		SolutionGuid = {7A0AA30E-4CD9-4359-9513-BA68E2E85245}
	EndGlobalSection
EndGlobal
